
Microsoft Visual Studio Solution File, Format Version 12.00
# Visual Studio 14
VisualStudioVersion = 14.0.25420.1
MinimumVisualStudioVersion = 10.0.40219.1
Project("{FAE04EC0-301F-11D3-BF4B-00C04F79EFBC}") = "pl.lodz.p.ftims.edu.pai.branch.dto", "pl.lodz.p.ftims.edu.pai.dto\pl.lodz.p.ftims.edu.pai.branch.dto.csproj", "{7C46B87A-F25E-448B-B56B-FE5717F8257A}"
EndProject
Project("{FAE04EC0-301F-11D3-BF4B-00C04F79EFBC}") = "pl.lodz.p.ftims.edu.pai.admin", "pl.lodz.p.ftims.edu.pai.admin\pl.lodz.p.ftims.edu.pai.admin.csproj", "{743A49DB-D392-4BE7-8252-5F27E10C9E54}"
EndProject
Project("{FAE04EC0-301F-11D3-BF4B-00C04F79EFBC}") = "pl.lodz.p.ftims.edu.pai.branch.dal", "pl.lodz.p.lftims.edu.pa.dal\pl.lodz.p.ftims.edu.pai.branch.dal.csproj", "{06BF802D-64BC-4E79-B454-553F1FD98485}"
EndProject
Project("{FAE04EC0-301F-11D3-BF4B-00C04F79EFBC}") = "pl.lodz.p.ftims.edu.pai.branch.entity", "pl.lodz.p.ftims.edu.pai.entity\pl.lodz.p.ftims.edu.pai.branch.entity.csproj", "{608BE4FD-8CAA-481C-BDB1-CE19FB54BCAC}"
EndProject
Project("{FAE04EC0-301F-11D3-BF4B-00C04F79EFBC}") = "pl.lodz.p.ftims.edu.pai.central", "pl.lodz.p.ftims.edu.pai.central\pl.lodz.p.ftims.edu.pai.central.csproj", "{F1A06073-65A1-4C0B-846E-1CA0A912BD44}"
EndProject
Project("{FAE04EC0-301F-11D3-BF4B-00C04F79EFBC}") = "pl.lodz.p.ftims.edu.pai.central.dal", "pl.lodz.p.ftims.edu.pai.central.dal\pl.lodz.p.ftims.edu.pai.central.dal.csproj", "{E79221E1-9044-451F-A7FE-51E7EDF9E31C}"
EndProject
Project("{FAE04EC0-301F-11D3-BF4B-00C04F79EFBC}") = "pl.lodz.p.ftims.edu.pai.central.entity", "pl.lodz.ftims.edu.pai.central.entity\pl.lodz.p.ftims.edu.pai.central.entity.csproj", "{B87B5452-5356-4AD5-941E-F2337D3E11D9}"
EndProject
Project("{FAE04EC0-301F-11D3-BF4B-00C04F79EFBC}") = "pl.lodz.p.ftims.edu.pai.central.dto", "pl.lodz.p.ftims.edu.pai.central.dto\pl.lodz.p.ftims.edu.pai.central.dto.csproj", "{B30D6591-6A03-485D-A35D-F9AC94DE7472}"
EndProject
Project("{FAE04EC0-301F-11D3-BF4B-00C04F79EFBC}") = "pl.lodz.p.ftims.edu.pai.branch", "pl.lodz.p.ftims.edu.pai.branch\pl.lodz.p.ftims.edu.pai.branch.csproj", "{E2E36DA5-0EB6-429A-BD4F-FE35F8B19025}"
EndProject
Project("{2150E333-8FDC-42A3-9474-1A3956D46DE8}") = "Solution Items", "Solution Items", "{F8E49FA0-9D5E-42FA-BF58-F7E13ADD362D}"
	ProjectSection(SolutionItems) = preProject
		README.md = README.md
	EndProjectSection
EndProject
Global
	GlobalSection(SolutionConfigurationPlatforms) = preSolution
		Debug|Any CPU = Debug|Any CPU
		Release|Any CPU = Release|Any CPU
	EndGlobalSection
	GlobalSection(ProjectConfigurationPlatforms) = postSolution
		{7C46B87A-F25E-448B-B56B-FE5717F8257A}.Debug|Any CPU.ActiveCfg = Debug|Any CPU
		{7C46B87A-F25E-448B-B56B-FE5717F8257A}.Debug|Any CPU.Build.0 = Debug|Any CPU
		{7C46B87A-F25E-448B-B56B-FE5717F8257A}.Release|Any CPU.ActiveCfg = Release|Any CPU
		{7C46B87A-F25E-448B-B56B-FE5717F8257A}.Release|Any CPU.Build.0 = Release|Any CPU
		{743A49DB-D392-4BE7-8252-5F27E10C9E54}.Debug|Any CPU.ActiveCfg = Debug|Any CPU
		{743A49DB-D392-4BE7-8252-5F27E10C9E54}.Debug|Any CPU.Build.0 = Debug|Any CPU
		{743A49DB-D392-4BE7-8252-5F27E10C9E54}.Release|Any CPU.ActiveCfg = Release|Any CPU
		{743A49DB-D392-4BE7-8252-5F27E10C9E54}.Release|Any CPU.Build.0 = Release|Any CPU
		{06BF802D-64BC-4E79-B454-553F1FD98485}.Debug|Any CPU.ActiveCfg = Debug|Any CPU
		{06BF802D-64BC-4E79-B454-553F1FD98485}.Debug|Any CPU.Build.0 = Debug|Any CPU
		{06BF802D-64BC-4E79-B454-553F1FD98485}.Release|Any CPU.ActiveCfg = Release|Any CPU
		{06BF802D-64BC-4E79-B454-553F1FD98485}.Release|Any CPU.Build.0 = Release|Any CPU
		{608BE4FD-8CAA-481C-BDB1-CE19FB54BCAC}.Debug|Any CPU.ActiveCfg = Debug|Any CPU
		{608BE4FD-8CAA-481C-BDB1-CE19FB54BCAC}.Debug|Any CPU.Build.0 = Debug|Any CPU
		{608BE4FD-8CAA-481C-BDB1-CE19FB54BCAC}.Release|Any CPU.ActiveCfg = Release|Any CPU
		{608BE4FD-8CAA-481C-BDB1-CE19FB54BCAC}.Release|Any CPU.Build.0 = Release|Any CPU
		{F1A06073-65A1-4C0B-846E-1CA0A912BD44}.Debug|Any CPU.ActiveCfg = Debug|Any CPU
		{F1A06073-65A1-4C0B-846E-1CA0A912BD44}.Debug|Any CPU.Build.0 = Debug|Any CPU
		{F1A06073-65A1-4C0B-846E-1CA0A912BD44}.Release|Any CPU.ActiveCfg = Release|Any CPU
		{F1A06073-65A1-4C0B-846E-1CA0A912BD44}.Release|Any CPU.Build.0 = Release|Any CPU
		{E79221E1-9044-451F-A7FE-51E7EDF9E31C}.Debug|Any CPU.ActiveCfg = Debug|Any CPU
		{E79221E1-9044-451F-A7FE-51E7EDF9E31C}.Debug|Any CPU.Build.0 = Debug|Any CPU
		{E79221E1-9044-451F-A7FE-51E7EDF9E31C}.Release|Any CPU.ActiveCfg = Release|Any CPU
		{E79221E1-9044-451F-A7FE-51E7EDF9E31C}.Release|Any CPU.Build.0 = Release|Any CPU
		{B87B5452-5356-4AD5-941E-F2337D3E11D9}.Debug|Any CPU.ActiveCfg = Debug|Any CPU
		{B87B5452-5356-4AD5-941E-F2337D3E11D9}.Debug|Any CPU.Build.0 = Debug|Any CPU
		{B87B5452-5356-4AD5-941E-F2337D3E11D9}.Release|Any CPU.ActiveCfg = Release|Any CPU
		{B87B5452-5356-4AD5-941E-F2337D3E11D9}.Release|Any CPU.Build.0 = Release|Any CPU
		{B30D6591-6A03-485D-A35D-F9AC94DE7472}.Debug|Any CPU.ActiveCfg = Debug|Any CPU
		{B30D6591-6A03-485D-A35D-F9AC94DE7472}.Debug|Any CPU.Build.0 = Debug|Any CPU
		{B30D6591-6A03-485D-A35D-F9AC94DE7472}.Release|Any CPU.ActiveCfg = Release|Any CPU
		{B30D6591-6A03-485D-A35D-F9AC94DE7472}.Release|Any CPU.Build.0 = Release|Any CPU
		{E2E36DA5-0EB6-429A-BD4F-FE35F8B19025}.Debug|Any CPU.ActiveCfg = Debug|Any CPU
		{E2E36DA5-0EB6-429A-BD4F-FE35F8B19025}.Debug|Any CPU.Build.0 = Debug|Any CPU
		{E2E36DA5-0EB6-429A-BD4F-FE35F8B19025}.Release|Any CPU.ActiveCfg = Release|Any CPU
		{E2E36DA5-0EB6-429A-BD4F-FE35F8B19025}.Release|Any CPU.Build.0 = Release|Any CPU
	EndGlobalSection
	GlobalSection(SolutionProperties) = preSolution
		HideSolutionNode = FALSE
	EndGlobalSection
EndGlobal
